// !$*UTF8*$!
{
	archiveVersion = 1;
	classes = {
	};
	objectVersion = 63;
	objects = {

/* Begin PBXBuildFile section */
		579BD20BA54AE4B17AE08BC9 /* Pods_Mazaady.framework in Frameworks */ = {isa = PBXBuildFile; fileRef = 97F2F472B4A90D000549B8C9 /* Pods_Mazaady.framework */; };
		A7465DF02594CCD12D4EB5CE /* Pods_Mazaady_MazaadyUITests.framework in Frameworks */ = {isa = PBXBuildFile; fileRef = DB6552105F3013F4E765E047 /* Pods_Mazaady_MazaadyUITests.framework */; };
		CB649F792D94AD9D0045534E /* Properties.swift in Sources */ = {isa = PBXBuildFile; fileRef = CB649F782D94AD9B0045534E /* Properties.swift */; };
		CBC05EFA2D929DD600386F14 /* AppDelegate.swift in Sources */ = {isa = PBXBuildFile; fileRef = CBC05EF02D929DD600386F14 /* AppDelegate.swift */; };
		CBC05EFD2D929DD600386F14 /* Assets.xcassets in Resources */ = {isa = PBXBuildFile; fileRef = CBC05EF12D929DD600386F14 /* Assets.xcassets */; };
		CBC05EFF2D929DD600386F14 /* LaunchScreen.storyboard in Resources */ = {isa = PBXBuildFile; fileRef = CBC05EF42D929DD600386F14 /* LaunchScreen.storyboard */; };
		CBC05F002D929DD600386F14 /* Main.storyboard in Resources */ = {isa = PBXBuildFile; fileRef = CBC05EF62D929DD600386F14 /* Main.storyboard */; };
		CBC05F032D929DF000386F14 /* MazaadyTests.swift in Sources */ = {isa = PBXBuildFile; fileRef = CBC05F012D929DF000386F14 /* MazaadyTests.swift */; };
		CBC05F072D929DF400386F14 /* MazaadyUITests.swift in Sources */ = {isa = PBXBuildFile; fileRef = CBC05F042D929DF400386F14 /* MazaadyUITests.swift */; };
		CBC05F082D929DF400386F14 /* MazaadyUITestsLaunchTests.swift in Sources */ = {isa = PBXBuildFile; fileRef = CBC05F052D929DF400386F14 /* MazaadyUITestsLaunchTests.swift */; };
		CBC05F0A2D92A54800386F14 /* SplashVC.swift in Sources */ = {isa = PBXBuildFile; fileRef = CBC05F092D92A54800386F14 /* SplashVC.swift */; };
		CBC05F0F2D92A71900386F14 /* Extensions.swift in Sources */ = {isa = PBXBuildFile; fileRef = CBC05F0E2D92A71600386F14 /* Extensions.swift */; };
		CBC05F122D92AB8800386F14 /* TabBarController.swift in Sources */ = {isa = PBXBuildFile; fileRef = CBC05F112D92AB8800386F14 /* TabBarController.swift */; };
		CBC05F152D92B1F900386F14 /* CustomTabBar.swift in Sources */ = {isa = PBXBuildFile; fileRef = CBC05F142D92B1D500386F14 /* CustomTabBar.swift */; };
		CBC05F172D92B58A00386F14 /* HomeVC.swift in Sources */ = {isa = PBXBuildFile; fileRef = CBC05F162D92B58A00386F14 /* HomeVC.swift */; };
		CBC05F1B2D92BC1300386F14 /* LivesCell.xib in Resources */ = {isa = PBXBuildFile; fileRef = CBC05F1A2D92BC1300386F14 /* LivesCell.xib */; };
		CBC05F1C2D92BC1300386F14 /* LivesCell.swift in Sources */ = {isa = PBXBuildFile; fileRef = CBC05F192D92BC1300386F14 /* LivesCell.swift */; };
		CBC05F1F2D92C0A900386F14 /* HomeViewModel.swift in Sources */ = {isa = PBXBuildFile; fileRef = CBC05F1E2D92C09000386F14 /* HomeViewModel.swift */; };
		CBC05F232D92D14900386F14 /* CategoriesCell.xib in Resources */ = {isa = PBXBuildFile; fileRef = CBC05F222D92D14900386F14 /* CategoriesCell.xib */; };
		CBC05F242D92D14900386F14 /* CategoriesCell.swift in Sources */ = {isa = PBXBuildFile; fileRef = CBC05F212D92D14900386F14 /* CategoriesCell.swift */; };
		CBC05F262D93805700386F14 /* Courses.swift in Sources */ = {isa = PBXBuildFile; fileRef = CBC05F252D93805100386F14 /* Courses.swift */; };
		CBC05F2A2D93855400386F14 /* CoursesCell.swift in Sources */ = {isa = PBXBuildFile; fileRef = CBC05F282D93855400386F14 /* CoursesCell.swift */; };
		CBC05F2B2D93855400386F14 /* CoursesCell.xib in Resources */ = {isa = PBXBuildFile; fileRef = CBC05F292D93855400386F14 /* CoursesCell.xib */; };
		CBC05F2D2D93958000386F14 /* CarouselFlowLayout.swift in Sources */ = {isa = PBXBuildFile; fileRef = CBC05F2C2D93957D00386F14 /* CarouselFlowLayout.swift */; };
		CBC05F912D9421C300386F14 /* FormsVC.swift in Sources */ = {isa = PBXBuildFile; fileRef = CBC05F902D9421C300386F14 /* FormsVC.swift */; };
		CBC05F942D9426AA00386F14 /* DropDownVC.swift in Sources */ = {isa = PBXBuildFile; fileRef = CBC05F932D9426AA00386F14 /* DropDownVC.swift */; };
		CBC05F972D94274900386F14 /* Enums.swift in Sources */ = {isa = PBXBuildFile; fileRef = CBC05F962D94274700386F14 /* Enums.swift */; };
		CBC05F992D94278D00386F14 /* SelectedData.swift in Sources */ = {isa = PBXBuildFile; fileRef = CBC05F982D94278800386F14 /* SelectedData.swift */; };
		CBC05F9D2D94282D00386F14 /* NetworkManager.swift in Sources */ = {isa = PBXBuildFile; fileRef = CBC05F9C2D94282700386F14 /* NetworkManager.swift */; };
		CBC05FA02D94285000386F14 /* FormsViewModel.swift in Sources */ = {isa = PBXBuildFile; fileRef = CBC05F9F2D94284A00386F14 /* FormsViewModel.swift */; };
		CBC05FA22D94288500386F14 /* Constants.swift in Sources */ = {isa = PBXBuildFile; fileRef = CBC05FA12D94287E00386F14 /* Constants.swift */; };
		CBC05FA42D94294600386F14 /* FormsService.swift in Sources */ = {isa = PBXBuildFile; fileRef = CBC05FA32D94294300386F14 /* FormsService.swift */; };
		CBC05FA62D9429FD00386F14 /* Categories.swift in Sources */ = {isa = PBXBuildFile; fileRef = CBC05FA52D9429FA00386F14 /* Categories.swift */; };
		CBC05FA82D942F0300386F14 /* SelectionManager.swift in Sources */ = {isa = PBXBuildFile; fileRef = CBC05FA72D942EFD00386F14 /* SelectionManager.swift */; };
		CBC05FAD2D94417500386F14 /* DataTVCell.xib in Resources */ = {isa = PBXBuildFile; fileRef = CBC05FAC2D94417500386F14 /* DataTVCell.xib */; };
		CBC05FAE2D94417500386F14 /* DataTVCell.swift in Sources */ = {isa = PBXBuildFile; fileRef = CBC05FAB2D94417500386F14 /* DataTVCell.swift */; };
		E70504394CEFA7ADA8D2B7F9 /* Pods_MazaadyTests.framework in Frameworks */ = {isa = PBXBuildFile; fileRef = 15B27E351A13FBCE20A94636 /* Pods_MazaadyTests.framework */; };
/* End PBXBuildFile section */

/* Begin PBXContainerItemProxy section */
		CBC05ED32D929DBD00386F14 /* PBXContainerItemProxy */ = {
			isa = PBXContainerItemProxy;
			containerPortal = CBC05EB42D929DBB00386F14 /* Project object */;
			proxyType = 1;
			remoteGlobalIDString = CBC05EBB2D929DBB00386F14;
			remoteInfo = Mazaady;
		};
		CBC05EDD2D929DBD00386F14 /* PBXContainerItemProxy */ = {
			isa = PBXContainerItemProxy;
			containerPortal = CBC05EB42D929DBB00386F14 /* Project object */;
			proxyType = 1;
			remoteGlobalIDString = CBC05EBB2D929DBB00386F14;
			remoteInfo = Mazaady;
		};
/* End PBXContainerItemProxy section */

/* Begin PBXFileReference section */
		0B3A4F1E0C2C2EBFEB4E30A7 /* Pods-Mazaady-MazaadyUITests.release.xcconfig */ = {isa = PBXFileReference; includeInIndex = 1; lastKnownFileType = text.xcconfig; name = "Pods-Mazaady-MazaadyUITests.release.xcconfig"; path = "Target Support Files/Pods-Mazaady-MazaadyUITests/Pods-Mazaady-MazaadyUITests.release.xcconfig"; sourceTree = "<group>"; };
		15B27E351A13FBCE20A94636 /* Pods_MazaadyTests.framework */ = {isa = PBXFileReference; explicitFileType = wrapper.framework; includeInIndex = 0; path = Pods_MazaadyTests.framework; sourceTree = BUILT_PRODUCTS_DIR; };
		3AC47D744837E0BF3141B9C3 /* Pods-Mazaady.release.xcconfig */ = {isa = PBXFileReference; includeInIndex = 1; lastKnownFileType = text.xcconfig; name = "Pods-Mazaady.release.xcconfig"; path = "Target Support Files/Pods-Mazaady/Pods-Mazaady.release.xcconfig"; sourceTree = "<group>"; };
		4D402B0C8EE78666C3B67724 /* Pods-MazaadyTests.debug.xcconfig */ = {isa = PBXFileReference; includeInIndex = 1; lastKnownFileType = text.xcconfig; name = "Pods-MazaadyTests.debug.xcconfig"; path = "Target Support Files/Pods-MazaadyTests/Pods-MazaadyTests.debug.xcconfig"; sourceTree = "<group>"; };
		4E70A7B4FEEA550A2FE99D29 /* Pods-MazaadyTests.release.xcconfig */ = {isa = PBXFileReference; includeInIndex = 1; lastKnownFileType = text.xcconfig; name = "Pods-MazaadyTests.release.xcconfig"; path = "Target Support Files/Pods-MazaadyTests/Pods-MazaadyTests.release.xcconfig"; sourceTree = "<group>"; };
		51ABD5900B28113FBC47FC88 /* Pods-Mazaady-MazaadyUITests.debug.xcconfig */ = {isa = PBXFileReference; includeInIndex = 1; lastKnownFileType = text.xcconfig; name = "Pods-Mazaady-MazaadyUITests.debug.xcconfig"; path = "Target Support Files/Pods-Mazaady-MazaadyUITests/Pods-Mazaady-MazaadyUITests.debug.xcconfig"; sourceTree = "<group>"; };
		97F2F472B4A90D000549B8C9 /* Pods_Mazaady.framework */ = {isa = PBXFileReference; explicitFileType = wrapper.framework; includeInIndex = 0; path = Pods_Mazaady.framework; sourceTree = BUILT_PRODUCTS_DIR; };
		CB649F782D94AD9B0045534E /* Properties.swift */ = {isa = PBXFileReference; lastKnownFileType = sourcecode.swift; path = Properties.swift; sourceTree = "<group>"; };
		CBC05EBC2D929DBB00386F14 /* Mazaady.app */ = {isa = PBXFileReference; explicitFileType = wrapper.application; includeInIndex = 0; path = Mazaady.app; sourceTree = BUILT_PRODUCTS_DIR; };
		CBC05ED22D929DBD00386F14 /* MazaadyTests.xctest */ = {isa = PBXFileReference; explicitFileType = wrapper.cfbundle; includeInIndex = 0; path = MazaadyTests.xctest; sourceTree = BUILT_PRODUCTS_DIR; };
		CBC05EDC2D929DBD00386F14 /* MazaadyUITests.xctest */ = {isa = PBXFileReference; explicitFileType = wrapper.cfbundle; includeInIndex = 0; path = MazaadyUITests.xctest; sourceTree = BUILT_PRODUCTS_DIR; };
		CBC05EF02D929DD600386F14 /* AppDelegate.swift */ = {isa = PBXFileReference; lastKnownFileType = sourcecode.swift; path = AppDelegate.swift; sourceTree = "<group>"; };
		CBC05EF12D929DD600386F14 /* Assets.xcassets */ = {isa = PBXFileReference; lastKnownFileType = folder.assetcatalog; path = Assets.xcassets; sourceTree = "<group>"; };
		CBC05EF22D929DD600386F14 /* Info.plist */ = {isa = PBXFileReference; lastKnownFileType = text.plist.xml; path = Info.plist; sourceTree = "<group>"; };
		CBC05EF32D929DD600386F14 /* Base */ = {isa = PBXFileReference; lastKnownFileType = file.storyboard; name = Base; path = Base.lproj/LaunchScreen.storyboard; sourceTree = "<group>"; };
		CBC05EF52D929DD600386F14 /* Base */ = {isa = PBXFileReference; lastKnownFileType = file.storyboard; name = Base; path = Base.lproj/Main.storyboard; sourceTree = "<group>"; };
		CBC05F012D929DF000386F14 /* MazaadyTests.swift */ = {isa = PBXFileReference; lastKnownFileType = sourcecode.swift; path = MazaadyTests.swift; sourceTree = "<group>"; };
		CBC05F042D929DF400386F14 /* MazaadyUITests.swift */ = {isa = PBXFileReference; lastKnownFileType = sourcecode.swift; path = MazaadyUITests.swift; sourceTree = "<group>"; };
		CBC05F052D929DF400386F14 /* MazaadyUITestsLaunchTests.swift */ = {isa = PBXFileReference; lastKnownFileType = sourcecode.swift; path = MazaadyUITestsLaunchTests.swift; sourceTree = "<group>"; };
		CBC05F092D92A54800386F14 /* SplashVC.swift */ = {isa = PBXFileReference; lastKnownFileType = sourcecode.swift; path = SplashVC.swift; sourceTree = "<group>"; };
		CBC05F0E2D92A71600386F14 /* Extensions.swift */ = {isa = PBXFileReference; lastKnownFileType = sourcecode.swift; path = Extensions.swift; sourceTree = "<group>"; };
		CBC05F112D92AB8800386F14 /* TabBarController.swift */ = {isa = PBXFileReference; lastKnownFileType = sourcecode.swift; path = TabBarController.swift; sourceTree = "<group>"; };
		CBC05F142D92B1D500386F14 /* CustomTabBar.swift */ = {isa = PBXFileReference; lastKnownFileType = sourcecode.swift; path = CustomTabBar.swift; sourceTree = "<group>"; };
		CBC05F162D92B58A00386F14 /* HomeVC.swift */ = {isa = PBXFileReference; lastKnownFileType = sourcecode.swift; path = HomeVC.swift; sourceTree = "<group>"; };
		CBC05F192D92BC1300386F14 /* LivesCell.swift */ = {isa = PBXFileReference; lastKnownFileType = sourcecode.swift; path = LivesCell.swift; sourceTree = "<group>"; };
		CBC05F1A2D92BC1300386F14 /* LivesCell.xib */ = {isa = PBXFileReference; lastKnownFileType = file.xib; path = LivesCell.xib; sourceTree = "<group>"; };
		CBC05F1E2D92C09000386F14 /* HomeViewModel.swift */ = {isa = PBXFileReference; lastKnownFileType = sourcecode.swift; path = HomeViewModel.swift; sourceTree = "<group>"; };
		CBC05F212D92D14900386F14 /* CategoriesCell.swift */ = {isa = PBXFileReference; lastKnownFileType = sourcecode.swift; path = CategoriesCell.swift; sourceTree = "<group>"; };
		CBC05F222D92D14900386F14 /* CategoriesCell.xib */ = {isa = PBXFileReference; lastKnownFileType = file.xib; path = CategoriesCell.xib; sourceTree = "<group>"; };
		CBC05F252D93805100386F14 /* Courses.swift */ = {isa = PBXFileReference; lastKnownFileType = sourcecode.swift; path = Courses.swift; sourceTree = "<group>"; };
		CBC05F282D93855400386F14 /* CoursesCell.swift */ = {isa = PBXFileReference; lastKnownFileType = sourcecode.swift; path = CoursesCell.swift; sourceTree = "<group>"; };
		CBC05F292D93855400386F14 /* CoursesCell.xib */ = {isa = PBXFileReference; lastKnownFileType = file.xib; path = CoursesCell.xib; sourceTree = "<group>"; };
		CBC05F2C2D93957D00386F14 /* CarouselFlowLayout.swift */ = {isa = PBXFileReference; lastKnownFileType = sourcecode.swift; path = CarouselFlowLayout.swift; sourceTree = "<group>"; };
		CBC05F902D9421C300386F14 /* FormsVC.swift */ = {isa = PBXFileReference; lastKnownFileType = sourcecode.swift; path = FormsVC.swift; sourceTree = "<group>"; };
		CBC05F932D9426AA00386F14 /* DropDownVC.swift */ = {isa = PBXFileReference; lastKnownFileType = sourcecode.swift; path = DropDownVC.swift; sourceTree = "<group>"; };
		CBC05F962D94274700386F14 /* Enums.swift */ = {isa = PBXFileReference; lastKnownFileType = sourcecode.swift; path = Enums.swift; sourceTree = "<group>"; };
		CBC05F982D94278800386F14 /* SelectedData.swift */ = {isa = PBXFileReference; lastKnownFileType = sourcecode.swift; path = SelectedData.swift; sourceTree = "<group>"; };
		CBC05F9C2D94282700386F14 /* NetworkManager.swift */ = {isa = PBXFileReference; lastKnownFileType = sourcecode.swift; path = NetworkManager.swift; sourceTree = "<group>"; };
		CBC05F9F2D94284A00386F14 /* FormsViewModel.swift */ = {isa = PBXFileReference; lastKnownFileType = sourcecode.swift; path = FormsViewModel.swift; sourceTree = "<group>"; };
		CBC05FA12D94287E00386F14 /* Constants.swift */ = {isa = PBXFileReference; lastKnownFileType = sourcecode.swift; path = Constants.swift; sourceTree = "<group>"; };
		CBC05FA32D94294300386F14 /* FormsService.swift */ = {isa = PBXFileReference; lastKnownFileType = sourcecode.swift; path = FormsService.swift; sourceTree = "<group>"; };
		CBC05FA52D9429FA00386F14 /* Categories.swift */ = {isa = PBXFileReference; lastKnownFileType = sourcecode.swift; path = Categories.swift; sourceTree = "<group>"; };
		CBC05FA72D942EFD00386F14 /* SelectionManager.swift */ = {isa = PBXFileReference; lastKnownFileType = sourcecode.swift; path = SelectionManager.swift; sourceTree = "<group>"; };
		CBC05FAB2D94417500386F14 /* DataTVCell.swift */ = {isa = PBXFileReference; lastKnownFileType = sourcecode.swift; path = DataTVCell.swift; sourceTree = "<group>"; };
		CBC05FAC2D94417500386F14 /* DataTVCell.xib */ = {isa = PBXFileReference; lastKnownFileType = file.xib; path = DataTVCell.xib; sourceTree = "<group>"; };
		DB6552105F3013F4E765E047 /* Pods_Mazaady_MazaadyUITests.framework */ = {isa = PBXFileReference; explicitFileType = wrapper.framework; includeInIndex = 0; path = Pods_Mazaady_MazaadyUITests.framework; sourceTree = BUILT_PRODUCTS_DIR; };
		FC5793CBA2CE5C831D820D29 /* Pods-Mazaady.debug.xcconfig */ = {isa = PBXFileReference; includeInIndex = 1; lastKnownFileType = text.xcconfig; name = "Pods-Mazaady.debug.xcconfig"; path = "Target Support Files/Pods-Mazaady/Pods-Mazaady.debug.xcconfig"; sourceTree = "<group>"; };
/* End PBXFileReference section */

/* Begin PBXFrameworksBuildPhase section */
		CBC05EB92D929DBB00386F14 /* Frameworks */ = {
			isa = PBXFrameworksBuildPhase;
			buildActionMask = 2147483647;
			files = (
				579BD20BA54AE4B17AE08BC9 /* Pods_Mazaady.framework in Frameworks */,
			);
			runOnlyForDeploymentPostprocessing = 0;
		};
		CBC05ECF2D929DBD00386F14 /* Frameworks */ = {
			isa = PBXFrameworksBuildPhase;
			buildActionMask = 2147483647;
			files = (
				E70504394CEFA7ADA8D2B7F9 /* Pods_MazaadyTests.framework in Frameworks */,
			);
			runOnlyForDeploymentPostprocessing = 0;
		};
		CBC05ED92D929DBD00386F14 /* Frameworks */ = {
			isa = PBXFrameworksBuildPhase;
			buildActionMask = 2147483647;
			files = (
				A7465DF02594CCD12D4EB5CE /* Pods_Mazaady_MazaadyUITests.framework in Frameworks */,
			);
			runOnlyForDeploymentPostprocessing = 0;
		};
/* End PBXFrameworksBuildPhase section */

/* Begin PBXGroup section */
		CB649F772D94AD280045534E /* Services */ = {
			isa = PBXGroup;
			children = (
				CBC05FA32D94294300386F14 /* FormsService.swift */,
			);
			path = Services;
			sourceTree = "<group>";
		};
		CBC05EB32D929DBB00386F14 = {
			isa = PBXGroup;
			children = (
				CBC05EF92D929DD600386F14 /* Mazaady */,
				CBC05F022D929DF000386F14 /* MazaadyTests */,
				CBC05F062D929DF400386F14 /* MazaadyUITests */,
				CBC05EBD2D929DBB00386F14 /* Products */,
				F01A2B03521AFC64D6C80C92 /* Pods */,
				D1DB420A43FB3006E89D0A91 /* Frameworks */,
			);
			sourceTree = "<group>";
		};
		CBC05EBD2D929DBB00386F14 /* Products */ = {
			isa = PBXGroup;
			children = (
				CBC05EBC2D929DBB00386F14 /* Mazaady.app */,
				CBC05ED22D929DBD00386F14 /* MazaadyTests.xctest */,
				CBC05EDC2D929DBD00386F14 /* MazaadyUITests.xctest */,
			);
			name = Products;
			sourceTree = "<group>";
		};
		CBC05EF92D929DD600386F14 /* Mazaady */ = {
			isa = PBXGroup;
			children = (
				CBC05EF02D929DD600386F14 /* AppDelegate.swift */,
				CBC05F102D92A7A100386F14 /* Helpers */,
				CBC05F9E2D94283100386F14 /* Managers */,
				CB649F772D94AD280045534E /* Services */,
				CBC05F272D93805C00386F14 /* Models */,
				CBC05F1D2D92BC1B00386F14 /* Cells */,
				CBC05F0B2D92A56C00386F14 /* Controllers */,
				CBC05F202D92C0B200386F14 /* ViewModels */,
				CBC05F0D2D92A5B100386F14 /* Storyboards */,
				CBC05EF42D929DD600386F14 /* LaunchScreen.storyboard */,
				CBC05EF12D929DD600386F14 /* Assets.xcassets */,
				CBC05EF22D929DD600386F14 /* Info.plist */,
			);
			path = Mazaady;
			sourceTree = "<group>";
		};
		CBC05F022D929DF000386F14 /* MazaadyTests */ = {
			isa = PBXGroup;
			children = (
				CBC05F012D929DF000386F14 /* MazaadyTests.swift */,
			);
			path = MazaadyTests;
			sourceTree = "<group>";
		};
		CBC05F062D929DF400386F14 /* MazaadyUITests */ = {
			isa = PBXGroup;
			children = (
				CBC05F042D929DF400386F14 /* MazaadyUITests.swift */,
				CBC05F052D929DF400386F14 /* MazaadyUITestsLaunchTests.swift */,
			);
			path = MazaadyUITests;
			sourceTree = "<group>";
		};
		CBC05F0B2D92A56C00386F14 /* Controllers */ = {
			isa = PBXGroup;
			children = (
				CBC05F0C2D92A5A000386F14 /* Splash */,
				CBC05F132D92AB9300386F14 /* TabBar */,
				CBC05F182D92B59400386F14 /* Home */,
				CBC05F922D9421CC00386F14 /* Forms */,
				CBC05F952D9426AE00386F14 /* DropDown */,
			);
			path = Controllers;
			sourceTree = "<group>";
		};
		CBC05F0C2D92A5A000386F14 /* Splash */ = {
			isa = PBXGroup;
			children = (
				CBC05F092D92A54800386F14 /* SplashVC.swift */,
			);
			path = Splash;
			sourceTree = "<group>";
		};
		CBC05F0D2D92A5B100386F14 /* Storyboards */ = {
			isa = PBXGroup;
			children = (
				CBC05EF62D929DD600386F14 /* Main.storyboard */,
			);
			path = Storyboards;
			sourceTree = "<group>";
		};
		CBC05F102D92A7A100386F14 /* Helpers */ = {
			isa = PBXGroup;
			children = (
				CBC05F0E2D92A71600386F14 /* Extensions.swift */,
				CBC05F142D92B1D500386F14 /* CustomTabBar.swift */,
				CBC05FA12D94287E00386F14 /* Constants.swift */,
				CBC05F2C2D93957D00386F14 /* CarouselFlowLayout.swift */,
				CBC05F962D94274700386F14 /* Enums.swift */,
			);
			path = Helpers;
			sourceTree = "<group>";
		};
		CBC05F132D92AB9300386F14 /* TabBar */ = {
			isa = PBXGroup;
			children = (
				CBC05F112D92AB8800386F14 /* TabBarController.swift */,
			);
			path = TabBar;
			sourceTree = "<group>";
		};
		CBC05F182D92B59400386F14 /* Home */ = {
			isa = PBXGroup;
			children = (
				CBC05F162D92B58A00386F14 /* HomeVC.swift */,
			);
			path = Home;
			sourceTree = "<group>";
		};
		CBC05F1D2D92BC1B00386F14 /* Cells */ = {
			isa = PBXGroup;
			children = (
				CBC05F192D92BC1300386F14 /* LivesCell.swift */,
				CBC05F1A2D92BC1300386F14 /* LivesCell.xib */,
				CBC05F212D92D14900386F14 /* CategoriesCell.swift */,
				CBC05F222D92D14900386F14 /* CategoriesCell.xib */,
				CBC05F282D93855400386F14 /* CoursesCell.swift */,
				CBC05F292D93855400386F14 /* CoursesCell.xib */,
				CBC05FAB2D94417500386F14 /* DataTVCell.swift */,
				CBC05FAC2D94417500386F14 /* DataTVCell.xib */,
			);
			path = Cells;
			sourceTree = "<group>";
		};
		CBC05F202D92C0B200386F14 /* ViewModels */ = {
			isa = PBXGroup;
			children = (
				CBC05F1E2D92C09000386F14 /* HomeViewModel.swift */,
				CBC05F9F2D94284A00386F14 /* FormsViewModel.swift */,
			);
			path = ViewModels;
			sourceTree = "<group>";
		};
		CBC05F272D93805C00386F14 /* Models */ = {
			isa = PBXGroup;
			children = (
				CBC05F252D93805100386F14 /* Courses.swift */,
				CBC05FA52D9429FA00386F14 /* Categories.swift */,
				CB649F782D94AD9B0045534E /* Properties.swift */,
				CBC05F982D94278800386F14 /* SelectedData.swift */,
			);
			path = Models;
			sourceTree = "<group>";
		};
		CBC05F922D9421CC00386F14 /* Forms */ = {
			isa = PBXGroup;
			children = (
				CBC05F902D9421C300386F14 /* FormsVC.swift */,
			);
			path = Forms;
			sourceTree = "<group>";
		};
		CBC05F952D9426AE00386F14 /* DropDown */ = {
			isa = PBXGroup;
			children = (
				CBC05F932D9426AA00386F14 /* DropDownVC.swift */,
			);
			path = DropDown;
			sourceTree = "<group>";
		};
		CBC05F9E2D94283100386F14 /* Managers */ = {
			isa = PBXGroup;
			children = (
				CBC05F9C2D94282700386F14 /* NetworkManager.swift */,
				CBC05FA72D942EFD00386F14 /* SelectionManager.swift */,
			);
			path = Managers;
			sourceTree = "<group>";
		};
		D1DB420A43FB3006E89D0A91 /* Frameworks */ = {
			isa = PBXGroup;
			children = (
				97F2F472B4A90D000549B8C9 /* Pods_Mazaady.framework */,
				DB6552105F3013F4E765E047 /* Pods_Mazaady_MazaadyUITests.framework */,
				15B27E351A13FBCE20A94636 /* Pods_MazaadyTests.framework */,
			);
			name = Frameworks;
			sourceTree = "<group>";
		};
		F01A2B03521AFC64D6C80C92 /* Pods */ = {
			isa = PBXGroup;
			children = (
				FC5793CBA2CE5C831D820D29 /* Pods-Mazaady.debug.xcconfig */,
				3AC47D744837E0BF3141B9C3 /* Pods-Mazaady.release.xcconfig */,
				51ABD5900B28113FBC47FC88 /* Pods-Mazaady-MazaadyUITests.debug.xcconfig */,
				0B3A4F1E0C2C2EBFEB4E30A7 /* Pods-Mazaady-MazaadyUITests.release.xcconfig */,
				4D402B0C8EE78666C3B67724 /* Pods-MazaadyTests.debug.xcconfig */,
				4E70A7B4FEEA550A2FE99D29 /* Pods-MazaadyTests.release.xcconfig */,
			);
			path = Pods;
			sourceTree = "<group>";
		};
/* End PBXGroup section */

/* Begin PBXNativeTarget section */
		CBC05EBB2D929DBB00386F14 /* Mazaady */ = {
			isa = PBXNativeTarget;
			buildConfigurationList = CBC05EE52D929DBD00386F14 /* Build configuration list for PBXNativeTarget "Mazaady" */;
			buildPhases = (
				1C8808EC3898ABBCAFEAA7AD /* [CP] Check Pods Manifest.lock */,
				CBC05EB82D929DBB00386F14 /* Sources */,
				CBC05EB92D929DBB00386F14 /* Frameworks */,
				CBC05EBA2D929DBB00386F14 /* Resources */,
				4FBE05DA280148C9AA055462 /* [CP] Embed Pods Frameworks */,
			);
			buildRules = (
			);
			dependencies = (
			);
			name = Mazaady;
			productName = Mazaady;
			productReference = CBC05EBC2D929DBB00386F14 /* Mazaady.app */;
			productType = "com.apple.product-type.application";
		};
		CBC05ED12D929DBD00386F14 /* MazaadyTests */ = {
			isa = PBXNativeTarget;
			buildConfigurationList = CBC05EEA2D929DBD00386F14 /* Build configuration list for PBXNativeTarget "MazaadyTests" */;
			buildPhases = (
				5F73DB0700A4FC722BEA0D13 /* [CP] Check Pods Manifest.lock */,
				CBC05ECE2D929DBD00386F14 /* Sources */,
				CBC05ECF2D929DBD00386F14 /* Frameworks */,
				CBC05ED02D929DBD00386F14 /* Resources */,
				2312F22654D3E3AF928011CA /* [CP] Embed Pods Frameworks */,
			);
			buildRules = (
			);
			dependencies = (
				CBC05ED42D929DBD00386F14 /* PBXTargetDependency */,
			);
			name = MazaadyTests;
			productName = MazaadyTests;
			productReference = CBC05ED22D929DBD00386F14 /* MazaadyTests.xctest */;
			productType = "com.apple.product-type.bundle.unit-test";
		};
		CBC05EDB2D929DBD00386F14 /* MazaadyUITests */ = {
			isa = PBXNativeTarget;
			buildConfigurationList = CBC05EED2D929DBD00386F14 /* Build configuration list for PBXNativeTarget "MazaadyUITests" */;
			buildPhases = (
				FE09E40E3E6312B6498A745F /* [CP] Check Pods Manifest.lock */,
				CBC05ED82D929DBD00386F14 /* Sources */,
				CBC05ED92D929DBD00386F14 /* Frameworks */,
				CBC05EDA2D929DBD00386F14 /* Resources */,
				67EC0F2F5470473279E2B23E /* [CP] Embed Pods Frameworks */,
			);
			buildRules = (
			);
			dependencies = (
				CBC05EDE2D929DBD00386F14 /* PBXTargetDependency */,
			);
			name = MazaadyUITests;
			productName = MazaadyUITests;
			productReference = CBC05EDC2D929DBD00386F14 /* MazaadyUITests.xctest */;
			productType = "com.apple.product-type.bundle.ui-testing";
		};
/* End PBXNativeTarget section */

/* Begin PBXProject section */
		CBC05EB42D929DBB00386F14 /* Project object */ = {
			isa = PBXProject;
			attributes = {
				BuildIndependentTargetsInParallel = 1;
				LastSwiftUpdateCheck = 1600;
				LastUpgradeCheck = 1600;
				TargetAttributes = {
					CBC05EBB2D929DBB00386F14 = {
						CreatedOnToolsVersion = 16.0;
					};
					CBC05ED12D929DBD00386F14 = {
						CreatedOnToolsVersion = 16.0;
						TestTargetID = CBC05EBB2D929DBB00386F14;
					};
					CBC05EDB2D929DBD00386F14 = {
						CreatedOnToolsVersion = 16.0;
						TestTargetID = CBC05EBB2D929DBB00386F14;
					};
				};
			};
			buildConfigurationList = CBC05EB72D929DBB00386F14 /* Build configuration list for PBXProject "Mazaady" */;
			compatibilityVersion = "Xcode 15.3";
			developmentRegion = en;
			hasScannedForEncodings = 0;
			knownRegions = (
				en,
				Base,
			);
			mainGroup = CBC05EB32D929DBB00386F14;
			productRefGroup = CBC05EBD2D929DBB00386F14 /* Products */;
			projectDirPath = "";
			projectRoot = "";
			targets = (
				CBC05EBB2D929DBB00386F14 /* Mazaady */,
				CBC05ED12D929DBD00386F14 /* MazaadyTests */,
				CBC05EDB2D929DBD00386F14 /* MazaadyUITests */,
			);
		};
/* End PBXProject section */

/* Begin PBXResourcesBuildPhase section */
		CBC05EBA2D929DBB00386F14 /* Resources */ = {
			isa = PBXResourcesBuildPhase;
			buildActionMask = 2147483647;
			files = (
				CBC05F2B2D93855400386F14 /* CoursesCell.xib in Resources */,
				CBC05FAD2D94417500386F14 /* DataTVCell.xib in Resources */,
				CBC05F232D92D14900386F14 /* CategoriesCell.xib in Resources */,
				CBC05EFD2D929DD600386F14 /* Assets.xcassets in Resources */,
				CBC05F1B2D92BC1300386F14 /* LivesCell.xib in Resources */,
				CBC05EFF2D929DD600386F14 /* LaunchScreen.storyboard in Resources */,
				CBC05F002D929DD600386F14 /* Main.storyboard in Resources */,
			);
			runOnlyForDeploymentPostprocessing = 0;
		};
		CBC05ED02D929DBD00386F14 /* Resources */ = {
			isa = PBXResourcesBuildPhase;
			buildActionMask = 2147483647;
			files = (
			);
			runOnlyForDeploymentPostprocessing = 0;
		};
		CBC05EDA2D929DBD00386F14 /* Resources */ = {
			isa = PBXResourcesBuildPhase;
			buildActionMask = 2147483647;
			files = (
			);
			runOnlyForDeploymentPostprocessing = 0;
		};
/* End PBXResourcesBuildPhase section */

/* Begin PBXShellScriptBuildPhase section */
		1C8808EC3898ABBCAFEAA7AD /* [CP] Check Pods Manifest.lock */ = {
			isa = PBXShellScriptBuildPhase;
			buildActionMask = 2147483647;
			files = (
			);
			inputFileListPaths = (
			);
			inputPaths = (
				"${PODS_PODFILE_DIR_PATH}/Podfile.lock",
				"${PODS_ROOT}/Manifest.lock",
			);
			name = "[CP] Check Pods Manifest.lock";
			outputFileListPaths = (
			);
			outputPaths = (
				"$(DERIVED_FILE_DIR)/Pods-Mazaady-checkManifestLockResult.txt",
			);
			runOnlyForDeploymentPostprocessing = 0;
			shellPath = /bin/sh;
			shellScript = "diff \"${PODS_PODFILE_DIR_PATH}/Podfile.lock\" \"${PODS_ROOT}/Manifest.lock\" > /dev/null\nif [ $? != 0 ] ; then\n    # print error to STDERR\n    echo \"error: The sandbox is not in sync with the Podfile.lock. Run 'pod install' or update your CocoaPods installation.\" >&2\n    exit 1\nfi\n# This output is used by Xcode 'outputs' to avoid re-running this script phase.\necho \"SUCCESS\" > \"${SCRIPT_OUTPUT_FILE_0}\"\n";
			showEnvVarsInLog = 0;
		};
		2312F22654D3E3AF928011CA /* [CP] Embed Pods Frameworks */ = {
			isa = PBXShellScriptBuildPhase;
			buildActionMask = 2147483647;
			files = (
			);
			inputFileListPaths = (
				"${PODS_ROOT}/Target Support Files/Pods-MazaadyTests/Pods-MazaadyTests-frameworks-${CONFIGURATION}-input-files.xcfilelist",
			);
			name = "[CP] Embed Pods Frameworks";
			outputFileListPaths = (
				"${PODS_ROOT}/Target Support Files/Pods-MazaadyTests/Pods-MazaadyTests-frameworks-${CONFIGURATION}-output-files.xcfilelist",
			);
			runOnlyForDeploymentPostprocessing = 0;
			shellPath = /bin/sh;
			shellScript = "\"${PODS_ROOT}/Target Support Files/Pods-MazaadyTests/Pods-MazaadyTests-frameworks.sh\"\n";
			showEnvVarsInLog = 0;
		};
		4FBE05DA280148C9AA055462 /* [CP] Embed Pods Frameworks */ = {
			isa = PBXShellScriptBuildPhase;
			buildActionMask = 2147483647;
			files = (
			);
			inputFileListPaths = (
				"${PODS_ROOT}/Target Support Files/Pods-Mazaady/Pods-Mazaady-frameworks-${CONFIGURATION}-input-files.xcfilelist",
			);
			name = "[CP] Embed Pods Frameworks";
			outputFileListPaths = (
				"${PODS_ROOT}/Target Support Files/Pods-Mazaady/Pods-Mazaady-frameworks-${CONFIGURATION}-output-files.xcfilelist",
			);
			runOnlyForDeploymentPostprocessing = 0;
			shellPath = /bin/sh;
			shellScript = "\"${PODS_ROOT}/Target Support Files/Pods-Mazaady/Pods-Mazaady-frameworks.sh\"\n";
			showEnvVarsInLog = 0;
		};
		5F73DB0700A4FC722BEA0D13 /* [CP] Check Pods Manifest.lock */ = {
			isa = PBXShellScriptBuildPhase;
			buildActionMask = 2147483647;
			files = (
			);
			inputFileListPaths = (
			);
			inputPaths = (
				"${PODS_PODFILE_DIR_PATH}/Podfile.lock",
				"${PODS_ROOT}/Manifest.lock",
			);
			name = "[CP] Check Pods Manifest.lock";
			outputFileListPaths = (
			);
			outputPaths = (
				"$(DERIVED_FILE_DIR)/Pods-MazaadyTests-checkManifestLockResult.txt",
			);
			runOnlyForDeploymentPostprocessing = 0;
			shellPath = /bin/sh;
			shellScript = "diff \"${PODS_PODFILE_DIR_PATH}/Podfile.lock\" \"${PODS_ROOT}/Manifest.lock\" > /dev/null\nif [ $? != 0 ] ; then\n    # print error to STDERR\n    echo \"error: The sandbox is not in sync with the Podfile.lock. Run 'pod install' or update your CocoaPods installation.\" >&2\n    exit 1\nfi\n# This output is used by Xcode 'outputs' to avoid re-running this script phase.\necho \"SUCCESS\" > \"${SCRIPT_OUTPUT_FILE_0}\"\n";
			showEnvVarsInLog = 0;
		};
		67EC0F2F5470473279E2B23E /* [CP] Embed Pods Frameworks */ = {
			isa = PBXShellScriptBuildPhase;
			buildActionMask = 2147483647;
			files = (
			);
			inputFileListPaths = (
				"${PODS_ROOT}/Target Support Files/Pods-Mazaady-MazaadyUITests/Pods-Mazaady-MazaadyUITests-frameworks-${CONFIGURATION}-input-files.xcfilelist",
			);
			name = "[CP] Embed Pods Frameworks";
			outputFileListPaths = (
				"${PODS_ROOT}/Target Support Files/Pods-Mazaady-MazaadyUITests/Pods-Mazaady-MazaadyUITests-frameworks-${CONFIGURATION}-output-files.xcfilelist",
			);
			runOnlyForDeploymentPostprocessing = 0;
			shellPath = /bin/sh;
			shellScript = "\"${PODS_ROOT}/Target Support Files/Pods-Mazaady-MazaadyUITests/Pods-Mazaady-MazaadyUITests-frameworks.sh\"\n";
			showEnvVarsInLog = 0;
		};
		FE09E40E3E6312B6498A745F /* [CP] Check Pods Manifest.lock */ = {
			isa = PBXShellScriptBuildPhase;
			buildActionMask = 2147483647;
			files = (
			);
			inputFileListPaths = (
			);
			inputPaths = (
				"${PODS_PODFILE_DIR_PATH}/Podfile.lock",
				"${PODS_ROOT}/Manifest.lock",
			);
			name = "[CP] Check Pods Manifest.lock";
			outputFileListPaths = (
			);
			outputPaths = (
				"$(DERIVED_FILE_DIR)/Pods-Mazaady-MazaadyUITests-checkManifestLockResult.txt",
			);
			runOnlyForDeploymentPostprocessing = 0;
			shellPath = /bin/sh;
			shellScript = "diff \"${PODS_PODFILE_DIR_PATH}/Podfile.lock\" \"${PODS_ROOT}/Manifest.lock\" > /dev/null\nif [ $? != 0 ] ; then\n    # print error to STDERR\n    echo \"error: The sandbox is not in sync with the Podfile.lock. Run 'pod install' or update your CocoaPods installation.\" >&2\n    exit 1\nfi\n# This output is used by Xcode 'outputs' to avoid re-running this script phase.\necho \"SUCCESS\" > \"${SCRIPT_OUTPUT_FILE_0}\"\n";
			showEnvVarsInLog = 0;
		};
/* End PBXShellScriptBuildPhase section */

/* Begin PBXSourcesBuildPhase section */
		CBC05EB82D929DBB00386F14 /* Sources */ = {
			isa = PBXSourcesBuildPhase;
			buildActionMask = 2147483647;
			files = (
				CB649F792D94AD9D0045534E /* Properties.swift in Sources */,
				CBC05F992D94278D00386F14 /* SelectedData.swift in Sources */,
				CBC05FA22D94288500386F14 /* Constants.swift in Sources */,
				CBC05F262D93805700386F14 /* Courses.swift in Sources */,
				CBC05FA42D94294600386F14 /* FormsService.swift in Sources */,
				CBC05F242D92D14900386F14 /* CategoriesCell.swift in Sources */,
				CBC05F0F2D92A71900386F14 /* Extensions.swift in Sources */,
				CBC05F152D92B1F900386F14 /* CustomTabBar.swift in Sources */,
				CBC05F122D92AB8800386F14 /* TabBarController.swift in Sources */,
				CBC05FA62D9429FD00386F14 /* Categories.swift in Sources */,
				CBC05FA02D94285000386F14 /* FormsViewModel.swift in Sources */,
				CBC05F1F2D92C0A900386F14 /* HomeViewModel.swift in Sources */,
				CBC05F2D2D93958000386F14 /* CarouselFlowLayout.swift in Sources */,
				CBC05FA82D942F0300386F14 /* SelectionManager.swift in Sources */,
				CBC05F972D94274900386F14 /* Enums.swift in Sources */,
				CBC05F172D92B58A00386F14 /* HomeVC.swift in Sources */,
				CBC05F9D2D94282D00386F14 /* NetworkManager.swift in Sources */,
				CBC05F912D9421C300386F14 /* FormsVC.swift in Sources */,
				CBC05F942D9426AA00386F14 /* DropDownVC.swift in Sources */,
				CBC05EFA2D929DD600386F14 /* AppDelegate.swift in Sources */,
				CBC05F2A2D93855400386F14 /* CoursesCell.swift in Sources */,
				CBC05F0A2D92A54800386F14 /* SplashVC.swift in Sources */,
				CBC05F1C2D92BC1300386F14 /* LivesCell.swift in Sources */,
				CBC05FAE2D94417500386F14 /* DataTVCell.swift in Sources */,
			);
			runOnlyForDeploymentPostprocessing = 0;
		};
		CBC05ECE2D929DBD00386F14 /* Sources */ = {
			isa = PBXSourcesBuildPhase;
			buildActionMask = 2147483647;
			files = (
				CBC05F032D929DF000386F14 /* MazaadyTests.swift in Sources */,
			);
			runOnlyForDeploymentPostprocessing = 0;
		};
		CBC05ED82D929DBD00386F14 /* Sources */ = {
			isa = PBXSourcesBuildPhase;
			buildActionMask = 2147483647;
			files = (
				CBC05F072D929DF400386F14 /* MazaadyUITests.swift in Sources */,
				CBC05F082D929DF400386F14 /* MazaadyUITestsLaunchTests.swift in Sources */,
			);
			runOnlyForDeploymentPostprocessing = 0;
		};
/* End PBXSourcesBuildPhase section */

/* Begin PBXTargetDependency section */
		CBC05ED42D929DBD00386F14 /* PBXTargetDependency */ = {
			isa = PBXTargetDependency;
			target = CBC05EBB2D929DBB00386F14 /* Mazaady */;
			targetProxy = CBC05ED32D929DBD00386F14 /* PBXContainerItemProxy */;
		};
		CBC05EDE2D929DBD00386F14 /* PBXTargetDependency */ = {
			isa = PBXTargetDependency;
			target = CBC05EBB2D929DBB00386F14 /* Mazaady */;
			targetProxy = CBC05EDD2D929DBD00386F14 /* PBXContainerItemProxy */;
		};
/* End PBXTargetDependency section */

/* Begin PBXVariantGroup section */
		CBC05EF42D929DD600386F14 /* LaunchScreen.storyboard */ = {
			isa = PBXVariantGroup;
			children = (
				CBC05EF32D929DD600386F14 /* Base */,
			);
			name = LaunchScreen.storyboard;
			sourceTree = "<group>";
		};
		CBC05EF62D929DD600386F14 /* Main.storyboard */ = {
			isa = PBXVariantGroup;
			children = (
				CBC05EF52D929DD600386F14 /* Base */,
			);
			name = Main.storyboard;
			sourceTree = "<group>";
		};
/* End PBXVariantGroup section */

/* Begin XCBuildConfiguration section */
		CBC05EE62D929DBD00386F14 /* Debug */ = {
			isa = XCBuildConfiguration;
			baseConfigurationReference = FC5793CBA2CE5C831D820D29 /* Pods-Mazaady.debug.xcconfig */;
			buildSettings = {
				ASSETCATALOG_COMPILER_APPICON_NAME = AppIcon;
				ASSETCATALOG_COMPILER_GLOBAL_ACCENT_COLOR_NAME = AccentColor;
				CODE_SIGN_STYLE = Automatic;
				CURRENT_PROJECT_VERSION = 1;
				DEVELOPMENT_TEAM = 24239CYBDQ;
				ENABLE_USER_SCRIPT_SANDBOXING = NO;
				GENERATE_INFOPLIST_FILE = YES;
				INFOPLIST_FILE = Mazaady/Info.plist;
				INFOPLIST_KEY_UIApplicationSupportsIndirectInputEvents = YES;
				INFOPLIST_KEY_UILaunchStoryboardName = LaunchScreen;
				INFOPLIST_KEY_UIMainStoryboardFile = Main;
				INFOPLIST_KEY_UISupportedInterfaceOrientations_iPad = "UIInterfaceOrientationPortrait UIInterfaceOrientationPortraitUpsideDown UIInterfaceOrientationLandscapeLeft UIInterfaceOrientationLandscapeRight";
				INFOPLIST_KEY_UISupportedInterfaceOrientations_iPhone = "UIInterfaceOrientationPortrait UIInterfaceOrientationLandscapeLeft UIInterfaceOrientationLandscapeRight";
				LD_RUNPATH_SEARCH_PATHS = (
					"$(inherited)",
					"@executable_path/Frameworks",
				);
				MARKETING_VERSION = 1.0;
				PRODUCT_BUNDLE_IDENTIFIER = com.mazaady.app.Mazaady;
				PRODUCT_NAME = "$(TARGET_NAME)";
				SWIFT_EMIT_LOC_STRINGS = YES;
				SWIFT_VERSION = 5.0;
				TARGETED_DEVICE_FAMILY = "1,2";
			};
			name = Debug;
		};
		CBC05EE72D929DBD00386F14 /* Release */ = {
			isa = XCBuildConfiguration;
			baseConfigurationReference = 3AC47D744837E0BF3141B9C3 /* Pods-Mazaady.release.xcconfig */;
			buildSettings = {
				ASSETCATALOG_COMPILER_APPICON_NAME = AppIcon;
				ASSETCATALOG_COMPILER_GLOBAL_ACCENT_COLOR_NAME = AccentColor;
				CODE_SIGN_STYLE = Automatic;
				CURRENT_PROJECT_VERSION = 1;
				DEVELOPMENT_TEAM = 24239CYBDQ;
				ENABLE_USER_SCRIPT_SANDBOXING = NO;
				GENERATE_INFOPLIST_FILE = YES;
				INFOPLIST_FILE = Mazaady/Info.plist;
				INFOPLIST_KEY_UIApplicationSupportsIndirectInputEvents = YES;
				INFOPLIST_KEY_UILaunchStoryboardName = LaunchScreen;
				INFOPLIST_KEY_UIMainStoryboardFile = Main;
				INFOPLIST_KEY_UISupportedInterfaceOrientations_iPad = "UIInterfaceOrientationPortrait UIInterfaceOrientationPortraitUpsideDown UIInterfaceOrientationLandscapeLeft UIInterfaceOrientationLandscapeRight";
				INFOPLIST_KEY_UISupportedInterfaceOrientations_iPhone = "UIInterfaceOrientationPortrait UIInterfaceOrientationLandscapeLeft UIInterfaceOrientationLandscapeRight";
				LD_RUNPATH_SEARCH_PATHS = (
					"$(inherited)",
					"@executable_path/Frameworks",
				);
				MARKETING_VERSION = 1.0;
				PRODUCT_BUNDLE_IDENTIFIER = com.mazaady.app.Mazaady;
				PRODUCT_NAME = "$(TARGET_NAME)";
				SWIFT_EMIT_LOC_STRINGS = YES;
				SWIFT_VERSION = 5.0;
				TARGETED_DEVICE_FAMILY = "1,2";
			};
			name = Release;
		};
		CBC05EE82D929DBD00386F14 /* Debug */ = {
			isa = XCBuildConfiguration;
			buildSettings = {
				ALWAYS_SEARCH_USER_PATHS = NO;
				ASSETCATALOG_COMPILER_GENERATE_SWIFT_ASSET_SYMBOL_EXTENSIONS = YES;
				CLANG_ANALYZER_NONNULL = YES;
				CLANG_ANALYZER_NUMBER_OBJECT_CONVERSION = YES_AGGRESSIVE;
				CLANG_CXX_LANGUAGE_STANDARD = "gnu++20";
				CLANG_ENABLE_MODULES = YES;
				CLANG_ENABLE_OBJC_ARC = YES;
				CLANG_ENABLE_OBJC_WEAK = YES;
				CLANG_WARN_BLOCK_CAPTURE_AUTORELEASING = YES;
				CLANG_WARN_BOOL_CONVERSION = YES;
				CLANG_WARN_COMMA = YES;
				CLANG_WARN_CONSTANT_CONVERSION = YES;
				CLANG_WARN_DEPRECATED_OBJC_IMPLEMENTATIONS = YES;
				CLANG_WARN_DIRECT_OBJC_ISA_USAGE = YES_ERROR;
				CLANG_WARN_DOCUMENTATION_COMMENTS = YES;
				CLANG_WARN_EMPTY_BODY = YES;
				CLANG_WARN_ENUM_CONVERSION = YES;
				CLANG_WARN_INFINITE_RECURSION = YES;
				CLANG_WARN_INT_CONVERSION = YES;
				CLANG_WARN_NON_LITERAL_NULL_CONVERSION = YES;
				CLANG_WARN_OBJC_IMPLICIT_RETAIN_SELF = YES;
				CLANG_WARN_OBJC_LITERAL_CONVERSION = YES;
				CLANG_WARN_OBJC_ROOT_CLASS = YES_ERROR;
				CLANG_WARN_QUOTED_INCLUDE_IN_FRAMEWORK_HEADER = YES;
				CLANG_WARN_RANGE_LOOP_ANALYSIS = YES;
				CLANG_WARN_STRICT_PROTOTYPES = YES;
				CLANG_WARN_SUSPICIOUS_MOVE = YES;
				CLANG_WARN_UNGUARDED_AVAILABILITY = YES_AGGRESSIVE;
				CLANG_WARN_UNREACHABLE_CODE = YES;
				CLANG_WARN__DUPLICATE_METHOD_MATCH = YES;
				COPY_PHASE_STRIP = NO;
				DEBUG_INFORMATION_FORMAT = dwarf;
				ENABLE_STRICT_OBJC_MSGSEND = YES;
				ENABLE_TESTABILITY = YES;
				ENABLE_USER_SCRIPT_SANDBOXING = YES;
				GCC_C_LANGUAGE_STANDARD = gnu17;
				GCC_DYNAMIC_NO_PIC = NO;
				GCC_NO_COMMON_BLOCKS = YES;
				GCC_OPTIMIZATION_LEVEL = 0;
				GCC_PREPROCESSOR_DEFINITIONS = (
					"DEBUG=1",
					"$(inherited)",
				);
				GCC_WARN_64_TO_32_BIT_CONVERSION = YES;
				GCC_WARN_ABOUT_RETURN_TYPE = YES_ERROR;
				GCC_WARN_UNDECLARED_SELECTOR = YES;
				GCC_WARN_UNINITIALIZED_AUTOS = YES_AGGRESSIVE;
				GCC_WARN_UNUSED_FUNCTION = YES;
				GCC_WARN_UNUSED_VARIABLE = YES;
				IPHONEOS_DEPLOYMENT_TARGET = 18.0;
				LOCALIZATION_PREFERS_STRING_CATALOGS = YES;
				MTL_ENABLE_DEBUG_INFO = INCLUDE_SOURCE;
				MTL_FAST_MATH = YES;
				ONLY_ACTIVE_ARCH = YES;
				SDKROOT = iphoneos;
				SWIFT_ACTIVE_COMPILATION_CONDITIONS = "DEBUG $(inherited)";
				SWIFT_OPTIMIZATION_LEVEL = "-Onone";
			};
			name = Debug;
		};
		CBC05EE92D929DBD00386F14 /* Release */ = {
			isa = XCBuildConfiguration;
			buildSettings = {
				ALWAYS_SEARCH_USER_PATHS = NO;
				ASSETCATALOG_COMPILER_GENERATE_SWIFT_ASSET_SYMBOL_EXTENSIONS = YES;
				CLANG_ANALYZER_NONNULL = YES;
				CLANG_ANALYZER_NUMBER_OBJECT_CONVERSION = YES_AGGRESSIVE;
				CLANG_CXX_LANGUAGE_STANDARD = "gnu++20";
				CLANG_ENABLE_MODULES = YES;
				CLANG_ENABLE_OBJC_ARC = YES;
				CLANG_ENABLE_OBJC_WEAK = YES;
				CLANG_WARN_BLOCK_CAPTURE_AUTORELEASING = YES;
				CLANG_WARN_BOOL_CONVERSION = YES;
				CLANG_WARN_COMMA = YES;
				CLANG_WARN_CONSTANT_CONVERSION = YES;
				CLANG_WARN_DEPRECATED_OBJC_IMPLEMENTATIONS = YES;
				CLANG_WARN_DIRECT_OBJC_ISA_USAGE = YES_ERROR;
				CLANG_WARN_DOCUMENTATION_COMMENTS = YES;
				CLANG_WARN_EMPTY_BODY = YES;
				CLANG_WARN_ENUM_CONVERSION = YES;
				CLANG_WARN_INFINITE_RECURSION = YES;
				CLANG_WARN_INT_CONVERSION = YES;
				CLANG_WARN_NON_LITERAL_NULL_CONVERSION = YES;
				CLANG_WARN_OBJC_IMPLICIT_RETAIN_SELF = YES;
				CLANG_WARN_OBJC_LITERAL_CONVERSION = YES;
				CLANG_WARN_OBJC_ROOT_CLASS = YES_ERROR;
				CLANG_WARN_QUOTED_INCLUDE_IN_FRAMEWORK_HEADER = YES;
				CLANG_WARN_RANGE_LOOP_ANALYSIS = YES;
				CLANG_WARN_STRICT_PROTOTYPES = YES;
				CLANG_WARN_SUSPICIOUS_MOVE = YES;
				CLANG_WARN_UNGUARDED_AVAILABILITY = YES_AGGRESSIVE;
				CLANG_WARN_UNREACHABLE_CODE = YES;
				CLANG_WARN__DUPLICATE_METHOD_MATCH = YES;
				COPY_PHASE_STRIP = NO;
				DEBUG_INFORMATION_FORMAT = "dwarf-with-dsym";
				ENABLE_NS_ASSERTIONS = NO;
				ENABLE_STRICT_OBJC_MSGSEND = YES;
				ENABLE_USER_SCRIPT_SANDBOXING = YES;
				GCC_C_LANGUAGE_STANDARD = gnu17;
				GCC_NO_COMMON_BLOCKS = YES;
				GCC_WARN_64_TO_32_BIT_CONVERSION = YES;
				GCC_WARN_ABOUT_RETURN_TYPE = YES_ERROR;
				GCC_WARN_UNDECLARED_SELECTOR = YES;
				GCC_WARN_UNINITIALIZED_AUTOS = YES_AGGRESSIVE;
				GCC_WARN_UNUSED_FUNCTION = YES;
				GCC_WARN_UNUSED_VARIABLE = YES;
				IPHONEOS_DEPLOYMENT_TARGET = 18.0;
				LOCALIZATION_PREFERS_STRING_CATALOGS = YES;
				MTL_ENABLE_DEBUG_INFO = NO;
				MTL_FAST_MATH = YES;
				SDKROOT = iphoneos;
				SWIFT_COMPILATION_MODE = wholemodule;
				VALIDATE_PRODUCT = YES;
			};
			name = Release;
		};
		CBC05EEB2D929DBD00386F14 /* Debug */ = {
			isa = XCBuildConfiguration;
			baseConfigurationReference = 4D402B0C8EE78666C3B67724 /* Pods-MazaadyTests.debug.xcconfig */;
			buildSettings = {
				BUNDLE_LOADER = "$(TEST_HOST)";
				CODE_SIGN_STYLE = Automatic;
				CURRENT_PROJECT_VERSION = 1;
				DEVELOPMENT_TEAM = 24239CYBDQ;
				GENERATE_INFOPLIST_FILE = YES;
				IPHONEOS_DEPLOYMENT_TARGET = 18.0;
				MARKETING_VERSION = 1.0;
				PRODUCT_BUNDLE_IDENTIFIER = com.mazaady.app.MazaadyTests;
				PRODUCT_NAME = "$(TARGET_NAME)";
				SWIFT_EMIT_LOC_STRINGS = NO;
				SWIFT_VERSION = 5.0;
				TARGETED_DEVICE_FAMILY = "1,2";
				TEST_HOST = "$(BUILT_PRODUCTS_DIR)/Mazaady.app/$(BUNDLE_EXECUTABLE_FOLDER_PATH)/Mazaady";
			};
			name = Debug;
		};
		CBC05EEC2D929DBD00386F14 /* Release */ = {
			isa = XCBuildConfiguration;
			baseConfigurationReference = 4E70A7B4FEEA550A2FE99D29 /* Pods-MazaadyTests.release.xcconfig */;
			buildSettings = {
				BUNDLE_LOADER = "$(TEST_HOST)";
				CODE_SIGN_STYLE = Automatic;
				CURRENT_PROJECT_VERSION = 1;
				DEVELOPMENT_TEAM = 24239CYBDQ;
				GENERATE_INFOPLIST_FILE = YES;
				IPHONEOS_DEPLOYMENT_TARGET = 18.0;
				MARKETING_VERSION = 1.0;
				PRODUCT_BUNDLE_IDENTIFIER = com.mazaady.app.MazaadyTests;
				PRODUCT_NAME = "$(TARGET_NAME)";
				SWIFT_EMIT_LOC_STRINGS = NO;
				SWIFT_VERSION = 5.0;
				TARGETED_DEVICE_FAMILY = "1,2";
				TEST_HOST = "$(BUILT_PRODUCTS_DIR)/Mazaady.app/$(BUNDLE_EXECUTABLE_FOLDER_PATH)/Mazaady";
			};
			name = Release;
		};
		CBC05EEE2D929DBD00386F14 /* Debug */ = {
			isa = XCBuildConfiguration;
			baseConfigurationReference = 51ABD5900B28113FBC47FC88 /* Pods-Mazaady-MazaadyUITests.debug.xcconfig */;
			buildSettings = {
				CODE_SIGN_STYLE = Automatic;
				CURRENT_PROJECT_VERSION = 1;
				DEVELOPMENT_TEAM = 24239CYBDQ;
				GENERATE_INFOPLIST_FILE = YES;
				MARKETING_VERSION = 1.0;
				PRODUCT_BUNDLE_IDENTIFIER = com.mazaady.app.MazaadyUITests;
				PRODUCT_NAME = "$(TARGET_NAME)";
				SWIFT_EMIT_LOC_STRINGS = NO;
				SWIFT_VERSION = 5.0;
				TARGETED_DEVICE_FAMILY = "1,2";
				TEST_TARGET_NAME = Mazaady;
			};
			name = Debug;
		};
		CBC05EEF2D929DBD00386F14 /* Release */ = {
			isa = XCBuildConfiguration;
			baseConfigurationReference = 0B3A4F1E0C2C2EBFEB4E30A7 /* Pods-Mazaady-MazaadyUITests.release.xcconfig */;
			buildSettings = {
				CODE_SIGN_STYLE = Automatic;
				CURRENT_PROJECT_VERSION = 1;
				DEVELOPMENT_TEAM = 24239CYBDQ;
				GENERATE_INFOPLIST_FILE = YES;
				MARKETING_VERSION = 1.0;
				PRODUCT_BUNDLE_IDENTIFIER = com.mazaady.app.MazaadyUITests;
				PRODUCT_NAME = "$(TARGET_NAME)";
				SWIFT_EMIT_LOC_STRINGS = NO;
				SWIFT_VERSION = 5.0;
				TARGETED_DEVICE_FAMILY = "1,2";
				TEST_TARGET_NAME = Mazaady;
			};
			name = Release;
		};
/* End XCBuildConfiguration section */

/* Begin XCConfigurationList section */
		CBC05EB72D929DBB00386F14 /* Build configuration list for PBXProject "Mazaady" */ = {
			isa = XCConfigurationList;
			buildConfigurations = (
				CBC05EE82D929DBD00386F14 /* Debug */,
				CBC05EE92D929DBD00386F14 /* Release */,
			);
			defaultConfigurationIsVisible = 0;
			defaultConfigurationName = Release;
		};
		CBC05EE52D929DBD00386F14 /* Build configuration list for PBXNativeTarget "Mazaady" */ = {
			isa = XCConfigurationList;
			buildConfigurations = (
				CBC05EE62D929DBD00386F14 /* Debug */,
				CBC05EE72D929DBD00386F14 /* Release */,
			);
			defaultConfigurationIsVisible = 0;
			defaultConfigurationName = Release;
		};
		CBC05EEA2D929DBD00386F14 /* Build configuration list for PBXNativeTarget "MazaadyTests" */ = {
			isa = XCConfigurationList;
			buildConfigurations = (
				CBC05EEB2D929DBD00386F14 /* Debug */,
				CBC05EEC2D929DBD00386F14 /* Release */,
			);
			defaultConfigurationIsVisible = 0;
			defaultConfigurationName = Release;
		};
		CBC05EED2D929DBD00386F14 /* Build configuration list for PBXNativeTarget "MazaadyUITests" */ = {
			isa = XCConfigurationList;
			buildConfigurations = (
				CBC05EEE2D929DBD00386F14 /* Debug */,
				CBC05EEF2D929DBD00386F14 /* Release */,
			);
			defaultConfigurationIsVisible = 0;
			defaultConfigurationName = Release;
		};
/* End XCConfigurationList section */
	};
	rootObject = CBC05EB42D929DBB00386F14 /* Project object */;
}
